
Microsoft Visual Studio Solution File, Format Version 12.00
# Visual Studio Version 17
VisualStudioVersion = 17.11.35312.102
MinimumVisualStudioVersion = 10.0.40219.1
Project("{FAE04EC0-301F-11D3-BF4B-00C04F79EFBC}") = "UML_RomainSchertenleib", "UML_RomainSchertenleib.csproj", "{DEF52FBA-2114-4E16-A520-CFD1A92576C3}"
EndProject
Global
	GlobalSection(SolutionConfigurationPlatforms) = preSolution
		Debug|Any CPU = Debug|Any CPU
		Release|Any CPU = Release|Any CPU
	EndGlobalSection
	GlobalSection(ProjectConfigurationPlatforms) = postSolution
		{DEF52FBA-2114-4E16-A520-CFD1A92576C3}.Debug|Any CPU.ActiveCfg = Debug|Any CPU
		{DEF52FBA-2114-4E16-A520-CFD1A92576C3}.Debug|Any CPU.Build.0 = Debug|Any CPU
		{DEF52FBA-2114-4E16-A520-CFD1A92576C3}.Release|Any CPU.ActiveCfg = Release|Any CPU
		{DEF52FBA-2114-4E16-A520-CFD1A92576C3}.Release|Any CPU.Build.0 = Release|Any CPU
	EndGlobalSection
	GlobalSection(SolutionProperties) = preSolution
		HideSolutionNode = FALSE
	EndGlobalSection
	GlobalSection(ExtensibilityGlobals) = postSolution
		SolutionGuid = {77B3E9C5-B466-4EBA-A616-D00890E43F22}
	EndGlobalSection
EndGlobal
